
Microsoft Visual Studio Solution File, Format Version 12.00
# Visual Studio Version 17
VisualStudioVersion = 17.6.33723.286
MinimumVisualStudioVersion = 10.0.40219.1
Project("{FAE04EC0-301F-11D3-BF4B-00C04F79EFBC}") = "Module_14", "Module_14.csproj", "{05309EEA-6F90-4680-A691-ADBDD6AC2EA5}"
EndProject
Global
	GlobalSection(SolutionConfigurationPlatforms) = preSolution
		Debug|Any CPU = Debug|Any CPU
		Release|Any CPU = Release|Any CPU
	EndGlobalSection
	GlobalSection(ProjectConfigurationPlatforms) = postSolution
		{05309EEA-6F90-4680-A691-ADBDD6AC2EA5}.Debug|Any CPU.ActiveCfg = Debug|Any CPU
		{05309EEA-6F90-4680-A691-ADBDD6AC2EA5}.Debug|Any CPU.Build.0 = Debug|Any CPU
		{05309EEA-6F90-4680-A691-ADBDD6AC2EA5}.Release|Any CPU.ActiveCfg = Release|Any CPU
		{05309EEA-6F90-4680-A691-ADBDD6AC2EA5}.Release|Any CPU.Build.0 = Release|Any CPU
	EndGlobalSection
	GlobalSection(SolutionProperties) = preSolution
		HideSolutionNode = FALSE
	EndGlobalSection
	GlobalSection(ExtensibilityGlobals) = postSolution
		SolutionGuid = {2C04168A-E786-434A-8DD2-190E503F65E8}
	EndGlobalSection
EndGlobal
